
Microsoft Visual Studio Solution File, Format Version 12.00
# Visual Studio Version 16
VisualStudioVersion = 16.0.30804.86
MinimumVisualStudioVersion = 10.0.40219.1
Project("{FAE04EC0-301F-11D3-BF4B-00C04F79EFBC}") = "NEO-TWEWY-Randomizer", "NEO-TWEWY-Randomizer.csproj", "{6DE53BE3-E0EC-4A60-AB92-84925909B660}"
EndProject
Global
	GlobalSection(SolutionConfigurationPlatforms) = preSolution
		Debug|Any CPU = Debug|Any CPU
		Release|Any CPU = Release|Any CPU
	EndGlobalSection
	GlobalSection(ProjectConfigurationPlatforms) = postSolution
		{6DE53BE3-E0EC-4A60-AB92-84925909B660}.Debug|Any CPU.ActiveCfg = Debug|Any CPU
		{6DE53BE3-E0EC-4A60-AB92-84925909B660}.Debug|Any CPU.Build.0 = Debug|Any CPU
		{6DE53BE3-E0EC-4A60-AB92-84925909B660}.Release|Any CPU.ActiveCfg = Release|Any CPU
		{6DE53BE3-E0EC-4A60-AB92-84925909B660}.Release|Any CPU.Build.0 = Release|Any CPU
	EndGlobalSection
	GlobalSection(SolutionProperties) = preSolution
		HideSolutionNode = FALSE
	EndGlobalSection
	GlobalSection(ExtensibilityGlobals) = postSolution
		SolutionGuid = {9D26D4DB-9E1F-4E46-9268-99E8B8B296DB}
	EndGlobalSection
EndGlobal
